
Microsoft Visual Studio Solution File, Format Version 12.00
# Visual Studio Version 17
VisualStudioVersion = 17.2.32526.322
MinimumVisualStudioVersion = 10.0.40219.1
Project("{FAE04EC0-301F-11D3-BF4B-00C04F79EFBC}") = "Assignment_01", "Assignment_01\Assignment_01.csproj", "{13A283B0-D8B9-40A3-A3F5-802F81E5ECAC}"
EndProject
Project("{9A19103F-16F7-4668-BE54-9A1E7A4F7556}") = "LearningExercises", "LearningExercises\LearningExercises.csproj", "{7CF3D6BE-7641-4083-B3AD-15BBF2F5ACE3}"
EndProject
Project("{9A19103F-16F7-4668-BE54-9A1E7A4F7556}") = "Assignment_02", "Assignment_02\Assignment_02.csproj", "{568829D1-7A62-4447-809A-7D10283698DD}"
	ProjectSection(ProjectDependencies) = postProject
		{8E19346C-15AB-4C8F-B5E9-FCF9CC4D46C4} = {8E19346C-15AB-4C8F-B5E9-FCF9CC4D46C4}
	EndProjectSection
EndProject
Project("{9A19103F-16F7-4668-BE54-9A1E7A4F7556}") = "ClassLibraryUtils", "ClassLibraryUtils\ClassLibraryUtils.csproj", "{8E19346C-15AB-4C8F-B5E9-FCF9CC4D46C4}"
EndProject
Project("{9A19103F-16F7-4668-BE54-9A1E7A4F7556}") = "Calculator.Tests", "Calculator.Tests\Calculator.Tests.csproj", "{4BD30B40-C009-499E-B26B-1AB7DAD02169}"
EndProject
Project("{9A19103F-16F7-4668-BE54-9A1E7A4F7556}") = "CalculatorEnhanced", "CalculatorEnhanced\CalculatorEnhanced.csproj", "{19D2F59D-2D10-43F4-AEE1-FDE31A6A53F7}"
EndProject
Project("{9A19103F-16F7-4668-BE54-9A1E7A4F7556}") = "CalculatorEnhanced.Tests", "CalculatorEnhanced.Tests\CalculatorEnhanced.Tests.csproj", "{86D5BA4A-1BEB-4C21-ACC4-34C1C14447BA}"
EndProject
Project("{FAE04EC0-301F-11D3-BF4B-00C04F79EFBC}") = "Vending Machine", "Vending Machine\Vending Machine.csproj", "{8DC582A1-018B-4277-9558-FA7E84C8480D}"
EndProject
Global
	GlobalSection(SolutionConfigurationPlatforms) = preSolution
		Debug|Any CPU = Debug|Any CPU
		Release|Any CPU = Release|Any CPU
	EndGlobalSection
	GlobalSection(ProjectConfigurationPlatforms) = postSolution
		{13A283B0-D8B9-40A3-A3F5-802F81E5ECAC}.Debug|Any CPU.ActiveCfg = Debug|Any CPU
		{13A283B0-D8B9-40A3-A3F5-802F81E5ECAC}.Debug|Any CPU.Build.0 = Debug|Any CPU
		{13A283B0-D8B9-40A3-A3F5-802F81E5ECAC}.Release|Any CPU.ActiveCfg = Release|Any CPU
		{13A283B0-D8B9-40A3-A3F5-802F81E5ECAC}.Release|Any CPU.Build.0 = Release|Any CPU
		{7CF3D6BE-7641-4083-B3AD-15BBF2F5ACE3}.Debug|Any CPU.ActiveCfg = Debug|Any CPU
		{7CF3D6BE-7641-4083-B3AD-15BBF2F5ACE3}.Debug|Any CPU.Build.0 = Debug|Any CPU
		{7CF3D6BE-7641-4083-B3AD-15BBF2F5ACE3}.Release|Any CPU.ActiveCfg = Release|Any CPU
		{7CF3D6BE-7641-4083-B3AD-15BBF2F5ACE3}.Release|Any CPU.Build.0 = Release|Any CPU
		{568829D1-7A62-4447-809A-7D10283698DD}.Debug|Any CPU.ActiveCfg = Debug|Any CPU
		{568829D1-7A62-4447-809A-7D10283698DD}.Debug|Any CPU.Build.0 = Debug|Any CPU
		{568829D1-7A62-4447-809A-7D10283698DD}.Release|Any CPU.ActiveCfg = Release|Any CPU
		{568829D1-7A62-4447-809A-7D10283698DD}.Release|Any CPU.Build.0 = Release|Any CPU
		{8E19346C-15AB-4C8F-B5E9-FCF9CC4D46C4}.Debug|Any CPU.ActiveCfg = Debug|Any CPU
		{8E19346C-15AB-4C8F-B5E9-FCF9CC4D46C4}.Debug|Any CPU.Build.0 = Debug|Any CPU
		{8E19346C-15AB-4C8F-B5E9-FCF9CC4D46C4}.Release|Any CPU.ActiveCfg = Release|Any CPU
		{8E19346C-15AB-4C8F-B5E9-FCF9CC4D46C4}.Release|Any CPU.Build.0 = Release|Any CPU
		{4BD30B40-C009-499E-B26B-1AB7DAD02169}.Debug|Any CPU.ActiveCfg = Debug|Any CPU
		{4BD30B40-C009-499E-B26B-1AB7DAD02169}.Debug|Any CPU.Build.0 = Debug|Any CPU
		{4BD30B40-C009-499E-B26B-1AB7DAD02169}.Release|Any CPU.ActiveCfg = Release|Any CPU
		{4BD30B40-C009-499E-B26B-1AB7DAD02169}.Release|Any CPU.Build.0 = Release|Any CPU
		{19D2F59D-2D10-43F4-AEE1-FDE31A6A53F7}.Debug|Any CPU.ActiveCfg = Debug|Any CPU
		{19D2F59D-2D10-43F4-AEE1-FDE31A6A53F7}.Debug|Any CPU.Build.0 = Debug|Any CPU
		{19D2F59D-2D10-43F4-AEE1-FDE31A6A53F7}.Release|Any CPU.ActiveCfg = Release|Any CPU
		{19D2F59D-2D10-43F4-AEE1-FDE31A6A53F7}.Release|Any CPU.Build.0 = Release|Any CPU
		{86D5BA4A-1BEB-4C21-ACC4-34C1C14447BA}.Debug|Any CPU.ActiveCfg = Debug|Any CPU
		{86D5BA4A-1BEB-4C21-ACC4-34C1C14447BA}.Debug|Any CPU.Build.0 = Debug|Any CPU
		{86D5BA4A-1BEB-4C21-ACC4-34C1C14447BA}.Release|Any CPU.ActiveCfg = Release|Any CPU
		{86D5BA4A-1BEB-4C21-ACC4-34C1C14447BA}.Release|Any CPU.Build.0 = Release|Any CPU
		{8DC582A1-018B-4277-9558-FA7E84C8480D}.Debug|Any CPU.ActiveCfg = Debug|Any CPU
		{8DC582A1-018B-4277-9558-FA7E84C8480D}.Debug|Any CPU.Build.0 = Debug|Any CPU
		{8DC582A1-018B-4277-9558-FA7E84C8480D}.Release|Any CPU.ActiveCfg = Release|Any CPU
		{8DC582A1-018B-4277-9558-FA7E84C8480D}.Release|Any CPU.Build.0 = Release|Any CPU
	EndGlobalSection
	GlobalSection(SolutionProperties) = preSolution
		HideSolutionNode = FALSE
	EndGlobalSection
	GlobalSection(ExtensibilityGlobals) = postSolution
		SolutionGuid = {B4A5FCA0-BE5A-4B25-BD60-4791D1371060}
	EndGlobalSection
EndGlobal
